{
  "version": 4,
  "terraform_version": "1.5.4",
  "serial": 100,
  "lineage": "abb0c011-3cf8-1da7-707a-b83eabd08205",
  "outputs": {},
  "resources": [
    {
      "mode": "data",
      "type": "github_repository",
      "name": "repo",
      "provider": "provider[\"registry.terraform.io/hashicorp/github\"]",
      "instances": [
        {
          "schema_version": 0,
          "attributes": {
            "allow_auto_merge": false,
            "allow_merge_commit": true,
            "allow_rebase_merge": true,
            "allow_squash_merge": true,
            "archived": false,
            "default_branch": "develop",
            "description": "github-terraform-task-OleksandrSawa created by GitHub Classroom",
            "fork": false,
            "full_name": "Practical-DevOps-GitHub/github-terraform-task-OleksandrSawa",
            "git_clone_url": "git://github.com/Practical-DevOps-GitHub/github-terraform-task-OleksandrSawa.git",
            "has_discussions": false,
            "has_downloads": true,
            "has_issues": true,
            "has_projects": true,
            "has_wiki": true,
            "homepage_url": "",
            "html_url": "https://github.com/Practical-DevOps-GitHub/github-terraform-task-OleksandrSawa",
            "http_clone_url": "https://github.com/Practical-DevOps-GitHub/github-terraform-task-OleksandrSawa.git",
            "id": "github-terraform-task-OleksandrSawa",
            "is_template": false,
            "merge_commit_message": "PR_TITLE",
            "merge_commit_title": "MERGE_MESSAGE",
            "name": "github-terraform-task-OleksandrSawa",
            "node_id": "R_kgDOKDvYSA",
            "pages": [],
            "private": false,
            "repo_id": 675010632,
            "squash_merge_commit_message": "COMMIT_MESSAGES",
            "squash_merge_commit_title": "COMMIT_OR_PR_TITLE",
            "ssh_clone_url": "git@github.com:Practical-DevOps-GitHub/github-terraform-task-OleksandrSawa.git",
            "svn_url": "https://github.com/Practical-DevOps-GitHub/github-terraform-task-OleksandrSawa",
            "template": [
              {
                "owner": "Practical-DevOps-GitHub",
                "repository": "github-terraform-task"
              }
            ],
            "topics": [],
            "visibility": "public"
          },
          "sensitive_attributes": []
        }
      ]
    },
    {
      "mode": "managed",
      "type": "github_branch_default",
      "name": "default_branch",
      "provider": "provider[\"registry.terraform.io/hashicorp/github\"]",
      "instances": [
        {
          "schema_version": 0,
          "attributes": {
            "branch": "develop",
            "id": "github-terraform-task-OleksandrSawa",
            "rename": false,
            "repository": "github-terraform-task-OleksandrSawa"
          },
          "sensitive_attributes": [],
          "private": "bnVsbA==",
          "dependencies": [
            "data.github_repository.repo"
          ]
        }
      ]
    },
    {
      "mode": "managed",
      "type": "github_branch_protection",
      "name": "develop_protection",
      "provider": "provider[\"registry.terraform.io/hashicorp/github\"]",
      "instances": [
        {
          "schema_version": 1,
          "attributes": {
            "allows_deletions": false,
            "allows_force_pushes": false,
            "blocks_creations": false,
            "enforce_admins": true,
            "force_push_bypassers": [],
            "id": "BPR_kwDOKDvYSM4CZfv_",
            "lock_branch": false,
            "pattern": "develop",
            "push_restrictions": [],
            "repository_id": "github-terraform-task-OleksandrSawa",
            "require_conversation_resolution": false,
            "require_signed_commits": false,
            "required_linear_history": false,
            "required_pull_request_reviews": [
              {
                "dismiss_stale_reviews": false,
                "dismissal_restrictions": [],
                "pull_request_bypassers": [],
                "require_code_owner_reviews": true,
                "require_last_push_approval": false,
                "required_approving_review_count": 2,
                "restrict_dismissals": false
              }
            ],
            "required_status_checks": []
          },
          "sensitive_attributes": [],
          "private": "eyJzY2hlbWFfdmVyc2lvbiI6IjEifQ==",
          "dependencies": [
            "data.github_repository.repo"
          ]
        }
      ]
    },
    {
      "mode": "managed",
      "type": "github_branch_protection",
      "name": "main_protection",
      "provider": "provider[\"registry.terraform.io/hashicorp/github\"]",
      "instances": [
        {
          "schema_version": 1,
          "attributes": {
            "allows_deletions": false,
            "allows_force_pushes": false,
            "blocks_creations": false,
            "enforce_admins": true,
            "force_push_bypassers": [],
            "id": "BPR_kwDOKDvYSM4CZfv-",
            "lock_branch": false,
            "pattern": "main",
            "push_restrictions": [],
            "repository_id": "github-terraform-task-OleksandrSawa",
            "require_conversation_resolution": false,
            "require_signed_commits": false,
            "required_linear_history": false,
            "required_pull_request_reviews": [],
            "required_status_checks": []
          },
          "sensitive_attributes": [],
          "private": "eyJzY2hlbWFfdmVyc2lvbiI6IjEifQ==",
          "dependencies": [
            "data.github_repository.repo"
          ]
        }
      ]
    },
    {
      "mode": "managed",
      "type": "github_repository_collaborator",
      "name": "softservedata_collaborator",
      "provider": "provider[\"registry.terraform.io/hashicorp/github\"]",
      "instances": [
        {
          "schema_version": 0,
          "attributes": {
            "id": "github-terraform-task-OleksandrSawa:softservedata",
            "invitation_id": "232460260",
            "permission": "push",
            "permission_diff_suppression": false,
            "repository": "github-terraform-task-OleksandrSawa",
            "username": "softservedata"
          },
          "sensitive_attributes": [],
          "private": "bnVsbA==",
          "dependencies": [
            "data.github_repository.repo"
          ]
        }
      ]
    },
    {
      "mode": "managed",
      "type": "github_repository_deploy_key",
      "name": "deploy_key",
      "provider": "provider[\"registry.terraform.io/hashicorp/github\"]",
      "instances": [
        {
          "schema_version": 0,
          "attributes": {
            "etag": "W/\"c948a2230c3bc41dac80c7db471fdaa82954ad084dc3a9c76ea7bb5bfe5cc01f\"",
            "id": "github-terraform-task-OleksandrSawa:85823481",
            "key": "ssh-rsa AAAAB3NzaC1yc2EAAAADAQABAAABAQDtlG5dZ9LlTdPSNeP3Z4HWS+B0qpDEuS4YD2/GAl9r2ZHFL8MnBQ6NTPI5qRvcoWW+c23Nf0Vg0/7iPzunG5t/4a3g9wHg6Ng//DpUxyJ6B677QFmVcKzC0kGZx+2yHt5HTKfXIshm0RYPvq4ELBlW2QBczZDNBgJ0nvptMWoSDVPncJ7G5R92yrQ7H6NZXzzBQ6VdS48AgwiLatayOCCKF9zV0h6FcgkpYyuUYWWMGtqGFKRhmQDIACICIigjbdOt2TXs4Myi+P9UKEzL1zbImdNW80N8y9W5ROU+exHpLdNEDU1QgVEQ6Si4+9aKGhCcPyb4Q/OdUmkYJ8d6J7l1",
            "read_only": true,
            "repository": "github-terraform-task-OleksandrSawa",
            "title": "DEPLOY_KEY"
          },
          "sensitive_attributes": [],
          "private": "bnVsbA==",
          "dependencies": [
            "data.github_repository.repo"
          ]
        }
      ]
    },
    {
      "mode": "managed",
      "type": "github_repository_webhook",
      "name": "discord_webhook",
      "provider": "provider[\"registry.terraform.io/hashicorp/github\"]",
      "instances": [
        {
          "schema_version": 1,
          "attributes": {
            "active": true,
            "configuration": [
              {
                "content_type": "json",
                "insecure_ssl": false,
                "secret": "",
                "url": "https://discord.com/api/webhooks/1136733262912438312/XWgFaVF7QRqfcVxcXisRepJkhZnI4_CGCrr5rNc0_jffICkuyjP2PbvONp9Vhdi64n4a/github"
              }
            ],
            "etag": null,
            "events": [
              "pull_request"
            ],
            "id": "427439744",
            "name": null,
            "repository": "github-terraform-task-OleksandrSawa",
            "url": "https://api.github.com/repos/Practical-DevOps-GitHub/github-terraform-task-OleksandrSawa/hooks/427439744"
          },
          "sensitive_attributes": [],
          "private": "eyJzY2hlbWFfdmVyc2lvbiI6IjEifQ==",
          "dependencies": [
            "data.github_repository.repo"
          ]
        }
      ]
    }
  ],
  "check_results": null
}
