{
  "version": 4,
  "terraform_version": "1.5.4",
  "serial": 56,
  "lineage": "abb0c011-3cf8-1da7-707a-b83eabd08205",
  "outputs": {},
  "resources": [
    {
      "mode": "data",
      "type": "github_repository",
      "name": "repo",
      "provider": "provider[\"registry.terraform.io/hashicorp/github\"]",
      "instances": [
        {
          "schema_version": 0,
          "attributes": {
            "allow_auto_merge": false,
            "allow_merge_commit": true,
            "allow_rebase_merge": true,
            "allow_squash_merge": true,
            "archived": false,
            "default_branch": "main",
            "description": "",
            "fork": false,
            "full_name": "OleksandrSawa/github-terraform-task-OleksandrSawa",
            "git_clone_url": "git://github.com/OleksandrSawa/github-terraform-task-OleksandrSawa.git",
            "has_discussions": false,
            "has_downloads": false,
            "has_issues": false,
            "has_projects": false,
            "has_wiki": false,
            "homepage_url": "",
            "html_url": "https://github.com/OleksandrSawa/github-terraform-task-OleksandrSawa",
            "http_clone_url": "https://github.com/OleksandrSawa/github-terraform-task-OleksandrSawa.git",
            "id": "github-terraform-task-OleksandrSawa",
            "is_template": false,
            "merge_commit_message": "PR_TITLE",
            "merge_commit_title": "MERGE_MESSAGE",
            "name": "github-terraform-task-OleksandrSawa",
            "node_id": "R_kgDOKDKYcg",
            "pages": [],
            "private": false,
            "repo_id": 674404466,
            "squash_merge_commit_message": "COMMIT_MESSAGES",
            "squash_merge_commit_title": "COMMIT_OR_PR_TITLE",
            "ssh_clone_url": "git@github.com:OleksandrSawa/github-terraform-task-OleksandrSawa.git",
            "svn_url": "https://github.com/OleksandrSawa/github-terraform-task-OleksandrSawa",
            "template": [],
            "topics": [],
            "visibility": "public"
          },
          "sensitive_attributes": []
        }
      ]
    },
    {
      "mode": "managed",
      "type": "github_repository_collaborator",
      "name": "softservedata_collaborator",
      "provider": "provider[\"registry.terraform.io/hashicorp/github\"]",
      "instances": [
        {
          "schema_version": 0,
          "attributes": {
            "id": "github-terraform-task-OleksandrSawa:softservedata",
            "invitation_id": "232385311",
            "permission": "push",
            "permission_diff_suppression": false,
            "repository": "github-terraform-task-OleksandrSawa",
            "username": "softservedata"
          },
          "sensitive_attributes": [],
          "private": "bnVsbA==",
          "dependencies": [
            "data.github_repository.repo"
          ]
        }
      ]
    },
    {
      "mode": "managed",
      "type": "github_repository_deploy_key",
      "name": "deploy_key",
      "provider": "provider[\"registry.terraform.io/hashicorp/github\"]",
      "instances": [
        {
          "schema_version": 0,
          "attributes": {
            "etag": "W/\"2efe45319f10f27c5141d49fb985cb16a172bbec1a4563369c8e6011d2284e16\"",
            "id": "github-terraform-task-OleksandrSawa:85819873",
            "key": "ssh-ed25519 AAAAC3NzaC1lZDI1NTE5AAAAIBTcJlWp/yumhp1VVzaB4KV1RcEDv0vrgPLMSalEdVXy",
            "read_only": true,
            "repository": "github-terraform-task-OleksandrSawa",
            "title": "DEPLOY_KEY"
          },
          "sensitive_attributes": [],
          "private": "bnVsbA==",
          "dependencies": [
            "data.github_repository.repo"
          ]
        }
      ]
    }
  ],
  "check_results": null
}
